// !$*UTF8*$!
{
	archiveVersion = 1;
	classes = {
	};
	objectVersion = 54;
	objects = {

/* Begin PBXBuildFile section */
		035D17E41E1A234D001E8A80 /* AppDelegate.swift in Sources */ = {isa = PBXBuildFile; fileRef = 035D17E31E1A234D001E8A80 /* AppDelegate.swift */; };
		035D17E61E1A234D001E8A80 /* ViewController.swift in Sources */ = {isa = PBXBuildFile; fileRef = 035D17E51E1A234D001E8A80 /* ViewController.swift */; };
		035D17E91E1A234D001E8A80 /* Main.storyboard in Resources */ = {isa = PBXBuildFile; fileRef = 035D17E71E1A234D001E8A80 /* Main.storyboard */; };
		035D17EB1E1A234D001E8A80 /* Assets.xcassets in Resources */ = {isa = PBXBuildFile; fileRef = 035D17EA1E1A234D001E8A80 /* Assets.xcassets */; };
		035D17EE1E1A234D001E8A80 /* LaunchScreen.storyboard in Resources */ = {isa = PBXBuildFile; fileRef = 035D17EC1E1A234D001E8A80 /* LaunchScreen.storyboard */; };
		03904B0C1E613CEA00FBAD8E /* GoogleService-Info.plist in Resources */ = {isa = PBXBuildFile; fileRef = 03904B0B1E613CEA00FBAD8E /* GoogleService-Info.plist */; };
		377BAE88B67B225D8879804B /* Pods_FirebaseDeepLinking.framework in Frameworks */ = {isa = PBXBuildFile; fileRef = A8FCFAC06C77BB51E8C99E0E /* Pods_FirebaseDeepLinking.framework */; };
/* End PBXBuildFile section */

/* Begin PBXFileReference section */
		0319AE3C1E2761420064229E /* FirebaseDeepLinking.entitlements */ = {isa = PBXFileReference; lastKnownFileType = text.plist.entitlements; path = FirebaseDeepLinking.entitlements; sourceTree = "<group>"; };
		035D17E01E1A234D001E8A80 /* FirebaseDeepLinking.app */ = {isa = PBXFileReference; explicitFileType = wrapper.application; includeInIndex = 0; path = FirebaseDeepLinking.app; sourceTree = BUILT_PRODUCTS_DIR; };
		035D17E31E1A234D001E8A80 /* AppDelegate.swift */ = {isa = PBXFileReference; lastKnownFileType = sourcecode.swift; path = AppDelegate.swift; sourceTree = "<group>"; };
		035D17E51E1A234D001E8A80 /* ViewController.swift */ = {isa = PBXFileReference; lastKnownFileType = sourcecode.swift; path = ViewController.swift; sourceTree = "<group>"; };
		035D17E81E1A234D001E8A80 /* Base */ = {isa = PBXFileReference; lastKnownFileType = file.storyboard; name = Base; path = Base.lproj/Main.storyboard; sourceTree = "<group>"; };
		035D17EA1E1A234D001E8A80 /* Assets.xcassets */ = {isa = PBXFileReference; lastKnownFileType = folder.assetcatalog; path = Assets.xcassets; sourceTree = "<group>"; };
		035D17ED1E1A234D001E8A80 /* Base */ = {isa = PBXFileReference; lastKnownFileType = file.storyboard; name = Base; path = Base.lproj/LaunchScreen.storyboard; sourceTree = "<group>"; };
		035D17EF1E1A234D001E8A80 /* Info.plist */ = {isa = PBXFileReference; lastKnownFileType = text.plist.xml; path = Info.plist; sourceTree = "<group>"; };
		03904B0B1E613CEA00FBAD8E /* GoogleService-Info.plist */ = {isa = PBXFileReference; fileEncoding = 4; lastKnownFileType = text.plist.xml; path = "GoogleService-Info.plist"; sourceTree = "<group>"; };
		7AF63F82552ED85E767663A9 /* Pods-FirebaseDeepLinking.debug.xcconfig */ = {isa = PBXFileReference; includeInIndex = 1; lastKnownFileType = text.xcconfig; name = "Pods-FirebaseDeepLinking.debug.xcconfig"; path = "Pods/Target Support Files/Pods-FirebaseDeepLinking/Pods-FirebaseDeepLinking.debug.xcconfig"; sourceTree = "<group>"; };
		96D87A7657DC5971A0140FEF /* Pods-FirebaseDeepLinking.release.xcconfig */ = {isa = PBXFileReference; includeInIndex = 1; lastKnownFileType = text.xcconfig; name = "Pods-FirebaseDeepLinking.release.xcconfig"; path = "Pods/Target Support Files/Pods-FirebaseDeepLinking/Pods-FirebaseDeepLinking.release.xcconfig"; sourceTree = "<group>"; };
		A8FCFAC06C77BB51E8C99E0E /* Pods_FirebaseDeepLinking.framework */ = {isa = PBXFileReference; explicitFileType = wrapper.framework; includeInIndex = 0; path = Pods_FirebaseDeepLinking.framework; sourceTree = BUILT_PRODUCTS_DIR; };
/* End PBXFileReference section */

/* Begin PBXFrameworksBuildPhase section */
		035D17DD1E1A234D001E8A80 /* Frameworks */ = {
			isa = PBXFrameworksBuildPhase;
			buildActionMask = 2147483647;
			files = (
				377BAE88B67B225D8879804B /* Pods_FirebaseDeepLinking.framework in Frameworks */,
			);
			runOnlyForDeploymentPostprocessing = 0;
		};
/* End PBXFrameworksBuildPhase section */

/* Begin PBXGroup section */
		035D17D71E1A234D001E8A80 = {
			isa = PBXGroup;
			children = (
				035D17E21E1A234D001E8A80 /* FirebaseDeepLinking */,
				035D17E11E1A234D001E8A80 /* Products */,
				4F6E9FAD18158CCEBEC67689 /* Pods */,
				1AC194366F05A93E99BFD07E /* Frameworks */,
			);
			sourceTree = "<group>";
		};
		035D17E11E1A234D001E8A80 /* Products */ = {
			isa = PBXGroup;
			children = (
				035D17E01E1A234D001E8A80 /* FirebaseDeepLinking.app */,
			);
			name = Products;
			sourceTree = "<group>";
		};
		035D17E21E1A234D001E8A80 /* FirebaseDeepLinking */ = {
			isa = PBXGroup;
			children = (
				0319AE3C1E2761420064229E /* FirebaseDeepLinking.entitlements */,
				035D17E31E1A234D001E8A80 /* AppDelegate.swift */,
				035D17E51E1A234D001E8A80 /* ViewController.swift */,
				035D17E71E1A234D001E8A80 /* Main.storyboard */,
				035D17EA1E1A234D001E8A80 /* Assets.xcassets */,
				035D17EC1E1A234D001E8A80 /* LaunchScreen.storyboard */,
				035D17EF1E1A234D001E8A80 /* Info.plist */,
				03904B0B1E613CEA00FBAD8E /* GoogleService-Info.plist */,
			);
			path = FirebaseDeepLinking;
			sourceTree = "<group>";
		};
		1AC194366F05A93E99BFD07E /* Frameworks */ = {
			isa = PBXGroup;
			children = (
				A8FCFAC06C77BB51E8C99E0E /* Pods_FirebaseDeepLinking.framework */,
			);
			name = Frameworks;
			sourceTree = "<group>";
		};
		4F6E9FAD18158CCEBEC67689 /* Pods */ = {
			isa = PBXGroup;
			children = (
				7AF63F82552ED85E767663A9 /* Pods-FirebaseDeepLinking.debug.xcconfig */,
				96D87A7657DC5971A0140FEF /* Pods-FirebaseDeepLinking.release.xcconfig */,
			);
			name = Pods;
			sourceTree = "<group>";
		};
/* End PBXGroup section */

/* Begin PBXNativeTarget section */
		035D17DF1E1A234D001E8A80 /* FirebaseDeepLinking */ = {
			isa = PBXNativeTarget;
			buildConfigurationList = 035D17F21E1A234D001E8A80 /* Build configuration list for PBXNativeTarget "FirebaseDeepLinking" */;
			buildPhases = (
				DBC3585C0B7834A9ECEC7690 /* [CP] Check Pods Manifest.lock */,
				035D17DC1E1A234D001E8A80 /* Sources */,
				035D17DD1E1A234D001E8A80 /* Frameworks */,
				035D17DE1E1A234D001E8A80 /* Resources */,
				6306CC805CE8217B4889977E /* [CP] Embed Pods Frameworks */,
			);
			buildRules = (
			);
			dependencies = (
			);
			name = FirebaseDeepLinking;
			productName = FirebaseDeepLinking;
			productReference = 035D17E01E1A234D001E8A80 /* FirebaseDeepLinking.app */;
			productType = "com.apple.product-type.application";
		};
/* End PBXNativeTarget section */

/* Begin PBXProject section */
		035D17D81E1A234D001E8A80 /* Project object */ = {
			isa = PBXProject;
			attributes = {
				BuildIndependentTargetsInParallel = YES;
				LastSwiftUpdateCheck = 0820;
				LastUpgradeCheck = 1500;
				ORGANIZATIONNAME = yudiz.solution.com;
				TargetAttributes = {
					035D17DF1E1A234D001E8A80 = {
						CreatedOnToolsVersion = 8.2;
						DevelopmentTeam = 5GL3E4GW7P;
						ProvisioningStyle = Manual;
						SystemCapabilities = {
							com.apple.SafariKeychain = {
								enabled = 1;
							};
						};
					};
				};
			};
			buildConfigurationList = 035D17DB1E1A234D001E8A80 /* Build configuration list for PBXProject "FirebaseDeepLinking" */;
			compatibilityVersion = "Xcode 3.2";
			developmentRegion = English;
			hasScannedForEncodings = 0;
			knownRegions = (
				English,
				en,
				Base,
			);
			mainGroup = 035D17D71E1A234D001E8A80;
			productRefGroup = 035D17E11E1A234D001E8A80 /* Products */;
			projectDirPath = "";
			projectRoot = "";
			targets = (
				035D17DF1E1A234D001E8A80 /* FirebaseDeepLinking */,
			);
		};
/* End PBXProject section */

/* Begin PBXResourcesBuildPhase section */
		035D17DE1E1A234D001E8A80 /* Resources */ = {
			isa = PBXResourcesBuildPhase;
			buildActionMask = 2147483647;
			files = (
				035D17EE1E1A234D001E8A80 /* LaunchScreen.storyboard in Resources */,
				03904B0C1E613CEA00FBAD8E /* GoogleService-Info.plist in Resources */,
				035D17EB1E1A234D001E8A80 /* Assets.xcassets in Resources */,
				035D17E91E1A234D001E8A80 /* Main.storyboard in Resources */,
			);
			runOnlyForDeploymentPostprocessing = 0;
		};
/* End PBXResourcesBuildPhase section */

/* Begin PBXShellScriptBuildPhase section */
		6306CC805CE8217B4889977E /* [CP] Embed Pods Frameworks */ = {
			isa = PBXShellScriptBuildPhase;
			buildActionMask = 2147483647;
			files = (
			);
			inputPaths = (
				"${PODS_ROOT}/Target Support Files/Pods-FirebaseDeepLinking/Pods-FirebaseDeepLinking-frameworks.sh",
				"${BUILT_PRODUCTS_DIR}/FirebaseCore/FirebaseCore.framework",
				"${BUILT_PRODUCTS_DIR}/FirebaseCoreInternal/FirebaseCoreInternal.framework",
				"${BUILT_PRODUCTS_DIR}/FirebaseDynamicLinks/FirebaseDynamicLinks.framework",
				"${BUILT_PRODUCTS_DIR}/GoogleUtilities/GoogleUtilities.framework",
				"${BUILT_PRODUCTS_DIR}/PromisesObjC/FBLPromises.framework",
			);
			name = "[CP] Embed Pods Frameworks";
			outputPaths = (
				"${TARGET_BUILD_DIR}/${FRAMEWORKS_FOLDER_PATH}/FirebaseCore.framework",
				"${TARGET_BUILD_DIR}/${FRAMEWORKS_FOLDER_PATH}/FirebaseCoreInternal.framework",
				"${TARGET_BUILD_DIR}/${FRAMEWORKS_FOLDER_PATH}/FirebaseDynamicLinks.framework",
				"${TARGET_BUILD_DIR}/${FRAMEWORKS_FOLDER_PATH}/GoogleUtilities.framework",
				"${TARGET_BUILD_DIR}/${FRAMEWORKS_FOLDER_PATH}/FBLPromises.framework",
			);
			runOnlyForDeploymentPostprocessing = 0;
			shellPath = /bin/sh;
			shellScript = "\"${PODS_ROOT}/Target Support Files/Pods-FirebaseDeepLinking/Pods-FirebaseDeepLinking-frameworks.sh\"\n";
			showEnvVarsInLog = 0;
		};
		DBC3585C0B7834A9ECEC7690 /* [CP] Check Pods Manifest.lock */ = {
			isa = PBXShellScriptBuildPhase;
			buildActionMask = 2147483647;
			files = (
			);
			inputPaths = (
				"${PODS_PODFILE_DIR_PATH}/Podfile.lock",
				"${PODS_ROOT}/Manifest.lock",
			);
			name = "[CP] Check Pods Manifest.lock";
			outputPaths = (
				"$(DERIVED_FILE_DIR)/Pods-FirebaseDeepLinking-checkManifestLockResult.txt",
			);
			runOnlyForDeploymentPostprocessing = 0;
			shellPath = /bin/sh;
			shellScript = "diff \"${PODS_PODFILE_DIR_PATH}/Podfile.lock\" \"${PODS_ROOT}/Manifest.lock\" > /dev/null\nif [ $? != 0 ] ; then\n    # print error to STDERR\n    echo \"error: The sandbox is not in sync with the Podfile.lock. Run 'pod install' or update your CocoaPods installation.\" >&2\n    exit 1\nfi\n# This output is used by Xcode 'outputs' to avoid re-running this script phase.\necho \"SUCCESS\" > \"${SCRIPT_OUTPUT_FILE_0}\"\n";
			showEnvVarsInLog = 0;
		};
/* End PBXShellScriptBuildPhase section */

/* Begin PBXSourcesBuildPhase section */
		035D17DC1E1A234D001E8A80 /* Sources */ = {
			isa = PBXSourcesBuildPhase;
			buildActionMask = 2147483647;
			files = (
				035D17E61E1A234D001E8A80 /* ViewController.swift in Sources */,
				035D17E41E1A234D001E8A80 /* AppDelegate.swift in Sources */,
			);
			runOnlyForDeploymentPostprocessing = 0;
		};
/* End PBXSourcesBuildPhase section */

/* Begin PBXVariantGroup section */
		035D17E71E1A234D001E8A80 /* Main.storyboard */ = {
			isa = PBXVariantGroup;
			children = (
				035D17E81E1A234D001E8A80 /* Base */,
			);
			name = Main.storyboard;
			sourceTree = "<group>";
		};
		035D17EC1E1A234D001E8A80 /* LaunchScreen.storyboard */ = {
			isa = PBXVariantGroup;
			children = (
				035D17ED1E1A234D001E8A80 /* Base */,
			);
			name = LaunchScreen.storyboard;
			sourceTree = "<group>";
		};
/* End PBXVariantGroup section */

/* Begin XCBuildConfiguration section */
		035D17F01E1A234D001E8A80 /* Debug */ = {
			isa = XCBuildConfiguration;
			buildSettings = {
				ALWAYS_SEARCH_USER_PATHS = NO;
				CLANG_ANALYZER_LOCALIZABILITY_NONLOCALIZED = YES;
				CLANG_ANALYZER_NONNULL = YES;
				CLANG_CXX_LANGUAGE_STANDARD = "gnu++0x";
				CLANG_CXX_LIBRARY = "libc++";
				CLANG_ENABLE_MODULES = YES;
				CLANG_ENABLE_OBJC_ARC = YES;
				CLANG_WARN_BLOCK_CAPTURE_AUTORELEASING = YES;
				CLANG_WARN_BOOL_CONVERSION = YES;
				CLANG_WARN_COMMA = YES;
				CLANG_WARN_CONSTANT_CONVERSION = YES;
				CLANG_WARN_DEPRECATED_OBJC_IMPLEMENTATIONS = YES;
				CLANG_WARN_DIRECT_OBJC_ISA_USAGE = YES_ERROR;
				CLANG_WARN_DOCUMENTATION_COMMENTS = YES;
				CLANG_WARN_EMPTY_BODY = YES;
				CLANG_WARN_ENUM_CONVERSION = YES;
				CLANG_WARN_INFINITE_RECURSION = YES;
				CLANG_WARN_INT_CONVERSION = YES;
				CLANG_WARN_NON_LITERAL_NULL_CONVERSION = YES;
				CLANG_WARN_OBJC_IMPLICIT_RETAIN_SELF = YES;
				CLANG_WARN_OBJC_LITERAL_CONVERSION = YES;
				CLANG_WARN_OBJC_ROOT_CLASS = YES_ERROR;
				CLANG_WARN_QUOTED_INCLUDE_IN_FRAMEWORK_HEADER = YES;
				CLANG_WARN_RANGE_LOOP_ANALYSIS = YES;
				CLANG_WARN_STRICT_PROTOTYPES = YES;
				CLANG_WARN_SUSPICIOUS_MOVE = YES;
				CLANG_WARN_UNREACHABLE_CODE = YES;
				CLANG_WARN__DUPLICATE_METHOD_MATCH = YES;
				"CODE_SIGN_IDENTITY[sdk=iphoneos*]" = "iPhone Developer";
				COPY_PHASE_STRIP = NO;
				DEBUG_INFORMATION_FORMAT = dwarf;
				ENABLE_STRICT_OBJC_MSGSEND = YES;
				ENABLE_TESTABILITY = YES;
				ENABLE_USER_SCRIPT_SANDBOXING = YES;
				GCC_C_LANGUAGE_STANDARD = gnu99;
				GCC_DYNAMIC_NO_PIC = NO;
				GCC_NO_COMMON_BLOCKS = YES;
				GCC_OPTIMIZATION_LEVEL = 0;
				GCC_PREPROCESSOR_DEFINITIONS = (
					"DEBUG=1",
					"$(inherited)",
				);
				GCC_WARN_64_TO_32_BIT_CONVERSION = YES;
				GCC_WARN_ABOUT_RETURN_TYPE = YES_ERROR;
				GCC_WARN_UNDECLARED_SELECTOR = YES;
				GCC_WARN_UNINITIALIZED_AUTOS = YES_AGGRESSIVE;
				GCC_WARN_UNUSED_FUNCTION = YES;
				GCC_WARN_UNUSED_VARIABLE = YES;
				IPHONEOS_DEPLOYMENT_TARGET = 12.0;
				MTL_ENABLE_DEBUG_INFO = YES;
				ONLY_ACTIVE_ARCH = YES;
				SDKROOT = iphoneos;
				SWIFT_ACTIVE_COMPILATION_CONDITIONS = DEBUG;
				SWIFT_OPTIMIZATION_LEVEL = "-Onone";
				TARGETED_DEVICE_FAMILY = "1,2";
			};
			name = Debug;
		};
		035D17F11E1A234D001E8A80 /* Release */ = {
			isa = XCBuildConfiguration;
			buildSettings = {
				ALWAYS_SEARCH_USER_PATHS = NO;
				CLANG_ANALYZER_LOCALIZABILITY_NONLOCALIZED = YES;
				CLANG_ANALYZER_NONNULL = YES;
				CLANG_CXX_LANGUAGE_STANDARD = "gnu++0x";
				CLANG_CXX_LIBRARY = "libc++";
				CLANG_ENABLE_MODULES = YES;
				CLANG_ENABLE_OBJC_ARC = YES;
				CLANG_WARN_BLOCK_CAPTURE_AUTORELEASING = YES;
				CLANG_WARN_BOOL_CONVERSION = YES;
				CLANG_WARN_COMMA = YES;
				CLANG_WARN_CONSTANT_CONVERSION = YES;
				CLANG_WARN_DEPRECATED_OBJC_IMPLEMENTATIONS = YES;
				CLANG_WARN_DIRECT_OBJC_ISA_USAGE = YES_ERROR;
				CLANG_WARN_DOCUMENTATION_COMMENTS = YES;
				CLANG_WARN_EMPTY_BODY = YES;
				CLANG_WARN_ENUM_CONVERSION = YES;
				CLANG_WARN_INFINITE_RECURSION = YES;
				CLANG_WARN_INT_CONVERSION = YES;
				CLANG_WARN_NON_LITERAL_NULL_CONVERSION = YES;
				CLANG_WARN_OBJC_IMPLICIT_RETAIN_SELF = YES;
				CLANG_WARN_OBJC_LITERAL_CONVERSION = YES;
				CLANG_WARN_OBJC_ROOT_CLASS = YES_ERROR;
				CLANG_WARN_QUOTED_INCLUDE_IN_FRAMEWORK_HEADER = YES;
				CLANG_WARN_RANGE_LOOP_ANALYSIS = YES;
				CLANG_WARN_STRICT_PROTOTYPES = YES;
				CLANG_WARN_SUSPICIOUS_MOVE = YES;
				CLANG_WARN_UNREACHABLE_CODE = YES;
				CLANG_WARN__DUPLICATE_METHOD_MATCH = YES;
				"CODE_SIGN_IDENTITY[sdk=iphoneos*]" = "iPhone Developer";
				COPY_PHASE_STRIP = NO;
				DEBUG_INFORMATION_FORMAT = "dwarf-with-dsym";
				ENABLE_NS_ASSERTIONS = NO;
				ENABLE_STRICT_OBJC_MSGSEND = YES;
				ENABLE_USER_SCRIPT_SANDBOXING = YES;
				GCC_C_LANGUAGE_STANDARD = gnu99;
				GCC_NO_COMMON_BLOCKS = YES;
				GCC_WARN_64_TO_32_BIT_CONVERSION = YES;
				GCC_WARN_ABOUT_RETURN_TYPE = YES_ERROR;
				GCC_WARN_UNDECLARED_SELECTOR = YES;
				GCC_WARN_UNINITIALIZED_AUTOS = YES_AGGRESSIVE;
				GCC_WARN_UNUSED_FUNCTION = YES;
				GCC_WARN_UNUSED_VARIABLE = YES;
				IPHONEOS_DEPLOYMENT_TARGET = 12.0;
				MTL_ENABLE_DEBUG_INFO = NO;
				SDKROOT = iphoneos;
				SWIFT_COMPILATION_MODE = wholemodule;
				SWIFT_OPTIMIZATION_LEVEL = "-O";
				TARGETED_DEVICE_FAMILY = "1,2";
				VALIDATE_PRODUCT = YES;
			};
			name = Release;
		};
		035D17F31E1A234D001E8A80 /* Debug */ = {
			isa = XCBuildConfiguration;
			baseConfigurationReference = 7AF63F82552ED85E767663A9 /* Pods-FirebaseDeepLinking.debug.xcconfig */;
			buildSettings = {
				ASSETCATALOG_COMPILER_APPICON_NAME = AppIcon;
				CODE_SIGN_ENTITLEMENTS = FirebaseDeepLinking/FirebaseDeepLinking.entitlements;
				CODE_SIGN_IDENTITY = "iPhone Developer: Test User (33U964WMC5)";
				"CODE_SIGN_IDENTITY[sdk=iphoneos*]" = "iPhone Developer: Test User (33U964WMC5)";
				DEVELOPMENT_TEAM = 5GL3E4GW7P;
				ENABLE_USER_SCRIPT_SANDBOXING = NO;
				INFOPLIST_FILE = FirebaseDeepLinking/Info.plist;
				IPHONEOS_DEPLOYMENT_TARGET = 12.0;
				LD_RUNPATH_SEARCH_PATHS = (
					"$(inherited)",
					"@executable_path/Frameworks",
				);
				PRODUCT_BUNDLE_IDENTIFIER = com.yudiz.DeepLinkingDemo;
				PRODUCT_NAME = "$(TARGET_NAME)";
				PROVISIONING_PROFILE = "a805f24b-a6a2-4a69-9af7-ab2ad9a3dfdc";
				PROVISIONING_PROFILE_SPECIFIER = DeepLinking_Dev;
				SWIFT_VERSION = 5.0;
			};
			name = Debug;
		};
		035D17F41E1A234D001E8A80 /* Release */ = {
			isa = XCBuildConfiguration;
			baseConfigurationReference = 96D87A7657DC5971A0140FEF /* Pods-FirebaseDeepLinking.release.xcconfig */;
			buildSettings = {
				ASSETCATALOG_COMPILER_APPICON_NAME = AppIcon;
				CODE_SIGN_ENTITLEMENTS = FirebaseDeepLinking/FirebaseDeepLinking.entitlements;
				CODE_SIGN_IDENTITY = "iPhone Developer: Test User (33U964WMC5)";
				"CODE_SIGN_IDENTITY[sdk=iphoneos*]" = "iPhone Developer: Test User (33U964WMC5)";
				DEVELOPMENT_TEAM = 5GL3E4GW7P;
				ENABLE_USER_SCRIPT_SANDBOXING = NO;
				INFOPLIST_FILE = FirebaseDeepLinking/Info.plist;
				IPHONEOS_DEPLOYMENT_TARGET = 12.0;
				LD_RUNPATH_SEARCH_PATHS = (
					"$(inherited)",
					"@executable_path/Frameworks",
				);
				PRODUCT_BUNDLE_IDENTIFIER = com.yudiz.DeepLinkingDemo;
				PRODUCT_NAME = "$(TARGET_NAME)";
				PROVISIONING_PROFILE = "a805f24b-a6a2-4a69-9af7-ab2ad9a3dfdc";
				PROVISIONING_PROFILE_SPECIFIER = DeepLinking_Dev;
				SWIFT_VERSION = 5.0;
			};
			name = Release;
		};
/* End XCBuildConfiguration section */

/* Begin XCConfigurationList section */
		035D17DB1E1A234D001E8A80 /* Build configuration list for PBXProject "FirebaseDeepLinking" */ = {
			isa = XCConfigurationList;
			buildConfigurations = (
				035D17F01E1A234D001E8A80 /* Debug */,
				035D17F11E1A234D001E8A80 /* Release */,
			);
			defaultConfigurationIsVisible = 0;
			defaultConfigurationName = Release;
		};
		035D17F21E1A234D001E8A80 /* Build configuration list for PBXNativeTarget "FirebaseDeepLinking" */ = {
			isa = XCConfigurationList;
			buildConfigurations = (
				035D17F31E1A234D001E8A80 /* Debug */,
				035D17F41E1A234D001E8A80 /* Release */,
			);
			defaultConfigurationIsVisible = 0;
			defaultConfigurationName = Release;
		};
/* End XCConfigurationList section */
	};
	rootObject = 035D17D81E1A234D001E8A80 /* Project object */;
}
